
Microsoft Visual Studio Solution File, Format Version 12.00
# Visual Studio Version 16
VisualStudioVersion = 16.0.30114.105
MinimumVisualStudioVersion = 10.0.40219.1
Project("{FAE04EC0-301F-11D3-BF4B-00C04F79EFBC}") = "API", "API\API.csproj", "{FB243F95-493A-48C5-839E-0CD8CDD35FFC}"
EndProject
Global
	GlobalSection(SolutionConfigurationPlatforms) = preSolution
		Debug|Any CPU = Debug|Any CPU
		Release|Any CPU = Release|Any CPU
	EndGlobalSection
	GlobalSection(SolutionProperties) = preSolution
		HideSolutionNode = FALSE
	EndGlobalSection
	GlobalSection(ProjectConfigurationPlatforms) = postSolution
		{FB243F95-493A-48C5-839E-0CD8CDD35FFC}.Debug|Any CPU.ActiveCfg = Debug|Any CPU
		{FB243F95-493A-48C5-839E-0CD8CDD35FFC}.Debug|Any CPU.Build.0 = Debug|Any CPU
		{FB243F95-493A-48C5-839E-0CD8CDD35FFC}.Release|Any CPU.ActiveCfg = Release|Any CPU
		{FB243F95-493A-48C5-839E-0CD8CDD35FFC}.Release|Any CPU.Build.0 = Release|Any CPU
	EndGlobalSection
EndGlobal
